
Microsoft Visual Studio Solution File, Format Version 12.00
# Visual Studio Version 17
VisualStudioVersion = 17.13.35825.156 d17.13
MinimumVisualStudioVersion = 10.0.40219.1
Project("{FAE04EC0-301F-11D3-BF4B-00C04F79EFBC}") = "Matrix2dConsoleApp", "Mtrix2dConsoleApp\Matrix2dConsoleApp.csproj", "{E3874B3E-FD29-421B-B947-FA872D551A87}"
EndProject
Project("{FAE04EC0-301F-11D3-BF4B-00C04F79EFBC}") = "Matrix2dLib", "Matrix2dLib\Matrix2dLib.csproj", "{C7463B97-B3DF-4EC9-A72A-227AF2B9469E}"
EndProject
Project("{FAE04EC0-301F-11D3-BF4B-00C04F79EFBC}") = "Matrix2dTest", "Matrix2dTest\Matrix2dTest.csproj", "{A20C4899-6FAA-4FE3-805A-03B07314BAAC}"
EndProject
Global
	GlobalSection(SolutionConfigurationPlatforms) = preSolution
		Debug|Any CPU = Debug|Any CPU
		Release|Any CPU = Release|Any CPU
	EndGlobalSection
	GlobalSection(ProjectConfigurationPlatforms) = postSolution
		{E3874B3E-FD29-421B-B947-FA872D551A87}.Debug|Any CPU.ActiveCfg = Debug|Any CPU
		{E3874B3E-FD29-421B-B947-FA872D551A87}.Debug|Any CPU.Build.0 = Debug|Any CPU
		{E3874B3E-FD29-421B-B947-FA872D551A87}.Release|Any CPU.ActiveCfg = Release|Any CPU
		{E3874B3E-FD29-421B-B947-FA872D551A87}.Release|Any CPU.Build.0 = Release|Any CPU
		{C7463B97-B3DF-4EC9-A72A-227AF2B9469E}.Debug|Any CPU.ActiveCfg = Debug|Any CPU
		{C7463B97-B3DF-4EC9-A72A-227AF2B9469E}.Debug|Any CPU.Build.0 = Debug|Any CPU
		{C7463B97-B3DF-4EC9-A72A-227AF2B9469E}.Release|Any CPU.ActiveCfg = Release|Any CPU
		{C7463B97-B3DF-4EC9-A72A-227AF2B9469E}.Release|Any CPU.Build.0 = Release|Any CPU
		{A20C4899-6FAA-4FE3-805A-03B07314BAAC}.Debug|Any CPU.ActiveCfg = Debug|Any CPU
		{A20C4899-6FAA-4FE3-805A-03B07314BAAC}.Debug|Any CPU.Build.0 = Debug|Any CPU
		{A20C4899-6FAA-4FE3-805A-03B07314BAAC}.Release|Any CPU.ActiveCfg = Release|Any CPU
		{A20C4899-6FAA-4FE3-805A-03B07314BAAC}.Release|Any CPU.Build.0 = Release|Any CPU
	EndGlobalSection
	GlobalSection(SolutionProperties) = preSolution
		HideSolutionNode = FALSE
	EndGlobalSection
	GlobalSection(ExtensibilityGlobals) = postSolution
		SolutionGuid = {E3ACD0B9-883E-4C2D-AB4D-D5B2BDCA55EF}
	EndGlobalSection
EndGlobal
